
Microsoft Visual Studio Solution File, Format Version 12.00
# Visual Studio 15
VisualStudioVersion = 15.0.26228.9
MinimumVisualStudioVersion = 10.0.40219.1
Project("{9A19103F-16F7-4668-BE54-9A1E7A4F7556}") = "Microsoft.Metadata.Visualizer", "src\Microsoft.Metadata.Visualizer\Microsoft.Metadata.Visualizer.csproj", "{2D540F58-0895-4E39-A0FE-BD41579E1122}"
EndProject
Project("{9A19103F-16F7-4668-BE54-9A1E7A4F7556}") = "mdv", "src\mdv\mdv.csproj", "{2DB27516-149A-494B-B630-CD8D0869952D}"
EndProject
Project("{9A19103F-16F7-4668-BE54-9A1E7A4F7556}") = "Microsoft.Metadata.Visualizer.UnitTests", "src\Microsoft.Metadata.Visualizer.Tests\Microsoft.Metadata.Visualizer.UnitTests.csproj", "{BA0BB9CC-1FD5-44BA-A7AC-50FA892727BC}"
EndProject
Global
	GlobalSection(SolutionConfigurationPlatforms) = preSolution
		Debug|Any CPU = Debug|Any CPU
		Debug|x64 = Debug|x64
		Debug|x86 = Debug|x86
		Release|Any CPU = Release|Any CPU
		Release|x64 = Release|x64
		Release|x86 = Release|x86
	EndGlobalSection
	GlobalSection(ProjectConfigurationPlatforms) = postSolution
		{2D540F58-0895-4E39-A0FE-BD41579E1122}.Debug|Any CPU.ActiveCfg = Debug|Any CPU
		{2D540F58-0895-4E39-A0FE-BD41579E1122}.Debug|Any CPU.Build.0 = Debug|Any CPU
		{2D540F58-0895-4E39-A0FE-BD41579E1122}.Debug|x64.ActiveCfg = Debug|Any CPU
		{2D540F58-0895-4E39-A0FE-BD41579E1122}.Debug|x64.Build.0 = Debug|Any CPU
		{2D540F58-0895-4E39-A0FE-BD41579E1122}.Debug|x86.ActiveCfg = Debug|Any CPU
		{2D540F58-0895-4E39-A0FE-BD41579E1122}.Debug|x86.Build.0 = Debug|Any CPU
		{2D540F58-0895-4E39-A0FE-BD41579E1122}.Release|Any CPU.ActiveCfg = Release|Any CPU
		{2D540F58-0895-4E39-A0FE-BD41579E1122}.Release|Any CPU.Build.0 = Release|Any CPU
		{2D540F58-0895-4E39-A0FE-BD41579E1122}.Release|x64.ActiveCfg = Release|Any CPU
		{2D540F58-0895-4E39-A0FE-BD41579E1122}.Release|x64.Build.0 = Release|Any CPU
		{2D540F58-0895-4E39-A0FE-BD41579E1122}.Release|x86.ActiveCfg = Release|Any CPU
		{2D540F58-0895-4E39-A0FE-BD41579E1122}.Release|x86.Build.0 = Release|Any CPU
		{2DB27516-149A-494B-B630-CD8D0869952D}.Debug|Any CPU.ActiveCfg = Debug|Any CPU
		{2DB27516-149A-494B-B630-CD8D0869952D}.Debug|Any CPU.Build.0 = Debug|Any CPU
		{2DB27516-149A-494B-B630-CD8D0869952D}.Debug|x64.ActiveCfg = Debug|Any CPU
		{2DB27516-149A-494B-B630-CD8D0869952D}.Debug|x64.Build.0 = Debug|Any CPU
		{2DB27516-149A-494B-B630-CD8D0869952D}.Debug|x86.ActiveCfg = Debug|Any CPU
		{2DB27516-149A-494B-B630-CD8D0869952D}.Debug|x86.Build.0 = Debug|Any CPU
		{2DB27516-149A-494B-B630-CD8D0869952D}.Release|Any CPU.ActiveCfg = Release|Any CPU
		{2DB27516-149A-494B-B630-CD8D0869952D}.Release|Any CPU.Build.0 = Release|Any CPU
		{2DB27516-149A-494B-B630-CD8D0869952D}.Release|x64.ActiveCfg = Release|Any CPU
		{2DB27516-149A-494B-B630-CD8D0869952D}.Release|x64.Build.0 = Release|Any CPU
		{2DB27516-149A-494B-B630-CD8D0869952D}.Release|x86.ActiveCfg = Release|Any CPU
		{2DB27516-149A-494B-B630-CD8D0869952D}.Release|x86.Build.0 = Release|Any CPU
		{BA0BB9CC-1FD5-44BA-A7AC-50FA892727BC}.Debug|Any CPU.ActiveCfg = Debug|Any CPU
		{BA0BB9CC-1FD5-44BA-A7AC-50FA892727BC}.Debug|Any CPU.Build.0 = Debug|Any CPU
		{BA0BB9CC-1FD5-44BA-A7AC-50FA892727BC}.Debug|x64.ActiveCfg = Debug|Any CPU
		{BA0BB9CC-1FD5-44BA-A7AC-50FA892727BC}.Debug|x64.Build.0 = Debug|Any CPU
		{BA0BB9CC-1FD5-44BA-A7AC-50FA892727BC}.Debug|x86.ActiveCfg = Debug|Any CPU
		{BA0BB9CC-1FD5-44BA-A7AC-50FA892727BC}.Debug|x86.Build.0 = Debug|Any CPU
		{BA0BB9CC-1FD5-44BA-A7AC-50FA892727BC}.Release|Any CPU.ActiveCfg = Release|Any CPU
		{BA0BB9CC-1FD5-44BA-A7AC-50FA892727BC}.Release|Any CPU.Build.0 = Release|Any CPU
		{BA0BB9CC-1FD5-44BA-A7AC-50FA892727BC}.Release|x64.ActiveCfg = Release|Any CPU
		{BA0BB9CC-1FD5-44BA-A7AC-50FA892727BC}.Release|x64.Build.0 = Release|Any CPU
		{BA0BB9CC-1FD5-44BA-A7AC-50FA892727BC}.Release|x86.ActiveCfg = Release|Any CPU
		{BA0BB9CC-1FD5-44BA-A7AC-50FA892727BC}.Release|x86.Build.0 = Release|Any CPU
	EndGlobalSection
	GlobalSection(SolutionProperties) = preSolution
		HideSolutionNode = FALSE
	EndGlobalSection
	GlobalSection(ExtensibilityGlobals) = postSolution
		SolutionGuid = {6217CE9B-ECBD-4D9C-BD0D-2BFDBCC4BDA4}
	EndGlobalSection
EndGlobal
