
Microsoft Visual Studio Solution File, Format Version 12.00
# Visual Studio 15
VisualStudioVersion = 15.0.26228.9
MinimumVisualStudioVersion = 10.0.40219.1
Project("{9A19103F-16F7-4668-BE54-9A1E7A4F7556}") = "Microsoft.Metadata.Visualizer", "src\Microsoft.Metadata.Visualizer\Microsoft.Metadata.Visualizer.csproj", "{2D540F58-0895-4E39-A0FE-BD41579E1122}"
EndProject
Project("{9A19103F-16F7-4668-BE54-9A1E7A4F7556}") = "mdv", "src\mdv\mdv.csproj", "{2DB27516-149A-494B-B630-CD8D0869952D}"
EndProject
Project("{D954291E-2A0B-460D-934E-DC6B0785DB48}") = "Microsoft.CodeAnalysis.Metadata", "src\Microsoft.CodeAnalysis.Metadata\Microsoft.CodeAnalysis.Metadata.shproj", "{D73ADF7D-2C1C-42AE-B2AB-EDC9497E4B71}"
EndProject
Project("{D954291E-2A0B-460D-934E-DC6B0785DB48}") = "Microsoft.CodeAnalysis.PooledObjects", "src\Microsoft.CodeAnalysis.PooledObjects\Microsoft.CodeAnalysis.PooledObjects.shproj", "{C1930979-C824-496B-A630-70F5369A636F}"
EndProject
Global
	GlobalSection(SharedMSBuildProjectFiles) = preSolution
		src\Microsoft.CodeAnalysis.PooledObjects\Microsoft.CodeAnalysis.PooledObjects.projitems*{c1930979-c824-496b-a630-70f5369a636f}*SharedItemsImports = 13
		src\Microsoft.CodeAnalysis.Metadata\Microsoft.CodeAnalysis.Metadata.projitems*{d73adf7d-2c1c-42ae-b2ab-edc9497e4b71}*SharedItemsImports = 13
	EndGlobalSection
	GlobalSection(SolutionConfigurationPlatforms) = preSolution
		Debug|Any CPU = Debug|Any CPU
		Debug|x64 = Debug|x64
		Debug|x86 = Debug|x86
		Release|Any CPU = Release|Any CPU
		Release|x64 = Release|x64
		Release|x86 = Release|x86
	EndGlobalSection
	GlobalSection(ProjectConfigurationPlatforms) = postSolution
		{2D540F58-0895-4E39-A0FE-BD41579E1122}.Debug|Any CPU.ActiveCfg = Debug|Any CPU
		{2D540F58-0895-4E39-A0FE-BD41579E1122}.Debug|Any CPU.Build.0 = Debug|Any CPU
		{2D540F58-0895-4E39-A0FE-BD41579E1122}.Debug|x64.ActiveCfg = Debug|Any CPU
		{2D540F58-0895-4E39-A0FE-BD41579E1122}.Debug|x64.Build.0 = Debug|Any CPU
		{2D540F58-0895-4E39-A0FE-BD41579E1122}.Debug|x86.ActiveCfg = Debug|Any CPU
		{2D540F58-0895-4E39-A0FE-BD41579E1122}.Debug|x86.Build.0 = Debug|Any CPU
		{2D540F58-0895-4E39-A0FE-BD41579E1122}.Release|Any CPU.ActiveCfg = Release|Any CPU
		{2D540F58-0895-4E39-A0FE-BD41579E1122}.Release|Any CPU.Build.0 = Release|Any CPU
		{2D540F58-0895-4E39-A0FE-BD41579E1122}.Release|x64.ActiveCfg = Release|Any CPU
		{2D540F58-0895-4E39-A0FE-BD41579E1122}.Release|x64.Build.0 = Release|Any CPU
		{2D540F58-0895-4E39-A0FE-BD41579E1122}.Release|x86.ActiveCfg = Release|Any CPU
		{2D540F58-0895-4E39-A0FE-BD41579E1122}.Release|x86.Build.0 = Release|Any CPU
		{2DB27516-149A-494B-B630-CD8D0869952D}.Debug|Any CPU.ActiveCfg = Debug|Any CPU
		{2DB27516-149A-494B-B630-CD8D0869952D}.Debug|Any CPU.Build.0 = Debug|Any CPU
		{2DB27516-149A-494B-B630-CD8D0869952D}.Debug|x64.ActiveCfg = Debug|Any CPU
		{2DB27516-149A-494B-B630-CD8D0869952D}.Debug|x64.Build.0 = Debug|Any CPU
		{2DB27516-149A-494B-B630-CD8D0869952D}.Debug|x86.ActiveCfg = Debug|Any CPU
		{2DB27516-149A-494B-B630-CD8D0869952D}.Debug|x86.Build.0 = Debug|Any CPU
		{2DB27516-149A-494B-B630-CD8D0869952D}.Release|Any CPU.ActiveCfg = Release|Any CPU
		{2DB27516-149A-494B-B630-CD8D0869952D}.Release|Any CPU.Build.0 = Release|Any CPU
		{2DB27516-149A-494B-B630-CD8D0869952D}.Release|x64.ActiveCfg = Release|Any CPU
		{2DB27516-149A-494B-B630-CD8D0869952D}.Release|x64.Build.0 = Release|Any CPU
		{2DB27516-149A-494B-B630-CD8D0869952D}.Release|x86.ActiveCfg = Release|Any CPU
		{2DB27516-149A-494B-B630-CD8D0869952D}.Release|x86.Build.0 = Release|Any CPU
	EndGlobalSection
	GlobalSection(SolutionProperties) = preSolution
		HideSolutionNode = FALSE
	EndGlobalSection
EndGlobal
